Microsoft Visual Studio Solution File, Format Version 12.00
# Visual Studio Version 17
VisualStudioVersion = 17.8.0.0
MinimumVisualStudioVersion = 17.8.0.0
Project("{9A19103F-16F7-4668-BE54-9A1E7A4F7556}") = "aspire-python.AppHost", "aspire-python.AppHost\aspire-python.AppHost.csproj", "{AB5EF15D-7EDA-4C49-A656-6720568F9376}"
EndProject
Project("{9A19103F-16F7-4668-BE54-9A1E7A4F7556}") = "aspire-python.ServiceDefaults", "aspire-python.ServiceDefaults\aspire-python.ServiceDefaults.csproj", "{E32F1015-C3B9-4D53-B208-19801E1068DC}"
EndProject
Project("{9A19103F-16F7-4668-BE54-9A1E7A4F7556}") = "aspire-python.ApiService", "aspire-python.ApiService\aspire-python.ApiService.csproj", "{84497FF8-0B1D-4F41-9C95-F34EC5B59293}"
EndProject
Project("{9A19103F-16F7-4668-BE54-9A1E7A4F7556}") = "aspire-python.Web", "aspire-python.Web\aspire-python.Web.csproj", "{0AF9D87E-8057-4636-AAEB-0585C3EF6C81}"
EndProject
Global
	GlobalSection(SolutionConfigurationPlatforms) = preSolution
		Debug|Any CPU = Debug|Any CPU
		Release|Any CPU = Release|Any CPU
	EndGlobalSection
	GlobalSection(ProjectConfigurationPlatforms) = postSolution
		{AB5EF15D-7EDA-4C49-A656-6720568F9376}.Debug|Any CPU.ActiveCfg = Debug|Any CPU
		{AB5EF15D-7EDA-4C49-A656-6720568F9376}.Debug|Any CPU.Build.0 = Debug|Any CPU
		{AB5EF15D-7EDA-4C49-A656-6720568F9376}.Release|Any CPU.ActiveCfg = Release|Any CPU
		{AB5EF15D-7EDA-4C49-A656-6720568F9376}.Release|Any CPU.Build.0 = Release|Any CPU
		{E32F1015-C3B9-4D53-B208-19801E1068DC}.Debug|Any CPU.ActiveCfg = Debug|Any CPU
		{E32F1015-C3B9-4D53-B208-19801E1068DC}.Debug|Any CPU.Build.0 = Debug|Any CPU
		{E32F1015-C3B9-4D53-B208-19801E1068DC}.Release|Any CPU.ActiveCfg = Release|Any CPU
		{E32F1015-C3B9-4D53-B208-19801E1068DC}.Release|Any CPU.Build.0 = Release|Any CPU
		{84497FF8-0B1D-4F41-9C95-F34EC5B59293}.Debug|Any CPU.ActiveCfg = Debug|Any CPU
		{84497FF8-0B1D-4F41-9C95-F34EC5B59293}.Debug|Any CPU.Build.0 = Debug|Any CPU
		{84497FF8-0B1D-4F41-9C95-F34EC5B59293}.Release|Any CPU.ActiveCfg = Release|Any CPU
		{84497FF8-0B1D-4F41-9C95-F34EC5B59293}.Release|Any CPU.Build.0 = Release|Any CPU
		{0AF9D87E-8057-4636-AAEB-0585C3EF6C81}.Debug|Any CPU.ActiveCfg = Debug|Any CPU
		{0AF9D87E-8057-4636-AAEB-0585C3EF6C81}.Debug|Any CPU.Build.0 = Debug|Any CPU
		{0AF9D87E-8057-4636-AAEB-0585C3EF6C81}.Release|Any CPU.ActiveCfg = Release|Any CPU
		{0AF9D87E-8057-4636-AAEB-0585C3EF6C81}.Release|Any CPU.Build.0 = Release|Any CPU
	EndGlobalSection
	GlobalSection(SolutionProperties) = preSolution
		HideSolutionNode = FALSE
	EndGlobalSection
	GlobalSection(ExtensibilityGlobals) = postSolution
		SolutionGuid = {F815A3E3-06C4-4AB5-85C9-DF7EAF47E8B9}
	EndGlobalSection
EndGlobal
